# generated by rye
# use `rye lock` or `rye sync` to update this lockfile
#
# last locked with the following flags:
#   pre: false
#   features: []
#   all-features: true
#   with-sources: false
#   generate-hashes: false
#   universal: true

-e file:.
absl-py==2.1.0
    # via keras
    # via tensorboard
    # via tensorflow
annotated-types==0.7.0
    # via pydantic
anyio==4.4.0
    # via starlette
astunparse==1.6.3
    # via tensorflow
certifi==2024.7.4
    # via requests
charset-normalizer==3.3.2
    # via requests
click==8.1.7
    # via uvicorn
colorama==0.4.6 ; platform_system == 'Windows'
    # via click
confluent-kafka==2.5.0
    # via qoa4ml
deprecated==1.2.14
    # via opentelemetry-api
    # via opentelemetry-semantic-conventions
docker==7.1.0
    # via qoa4ml
eval-type-backport==0.2.0
    # via qoa4ml
exceptiongroup==1.2.2 ; python_full_version < '3.11'
    # via anyio
fastapi==0.112.1
    # via qoa4ml
flatbuffers==24.3.25
    # via tensorflow
flatten-dict==0.4.2
    # via qoa4ml
gast==0.6.0
    # via tensorflow
google-pasta==0.2.0
    # via tensorflow
grpcio==1.66.0
    # via tensorboard
    # via tensorflow
h11==0.14.0
    # via uvicorn
h5py==3.11.0
    # via keras
    # via tensorflow
idna==3.7
    # via anyio
    # via requests
importlib-metadata==8.0.0
    # via opentelemetry-api
keras==3.5.0
    # via tensorflow
lazy-import==0.2.2
    # via qoa4ml
libclang==18.1.1
    # via tensorflow
markdown==3.7
    # via tensorboard
markdown-it-py==3.0.0
    # via rich
markupsafe==2.1.5
    # via werkzeug
mdurl==0.1.2
    # via markdown-it-py
ml-dtypes==0.4.0
    # via keras
    # via tensorflow
namex==0.0.8
    # via keras
numpy==1.26.4
    # via h5py
    # via keras
    # via ml-dtypes
    # via opt-einsum
    # via qoa4ml
    # via tensorboard
    # via tensorflow
opentelemetry-api==1.26.0
    # via opentelemetry-instrumentation
    # via opentelemetry-instrumentation-system-metrics
    # via opentelemetry-sdk
    # via opentelemetry-semantic-conventions
    # via qoa4ml
opentelemetry-instrumentation==0.47b0
    # via opentelemetry-instrumentation-system-metrics
opentelemetry-instrumentation-system-metrics==0.47b0
    # via qoa4ml
opentelemetry-sdk==1.26.0
    # via qoa4ml
opentelemetry-semantic-conventions==0.47b0
    # via opentelemetry-sdk
opt-einsum==3.3.0
    # via tensorflow
optree==0.12.1
    # via keras
packaging==24.1
    # via keras
    # via tensorboard
    # via tensorflow
paho-mqtt==1.6.1
    # via qoa4ml
pika==1.3.2
    # via qoa4ml
pillow==10.0.0
    # via qoa4ml
prometheus-client==0.16.0
    # via qoa4ml
protobuf==4.25.4
    # via tensorboard
    # via tensorflow
psutil==6.0.0
    # via opentelemetry-instrumentation-system-metrics
    # via qoa4ml
pydantic==2.7.4
    # via fastapi
    # via qoa4ml
pydantic-core==2.18.4
    # via pydantic
pygments==2.18.0
    # via rich
pywin32==306 ; sys_platform == 'win32'
    # via docker
pyyaml==6.0.2
    # via qoa4ml
requests==2.32.3
    # via docker
    # via qoa4ml
    # via tensorflow
rich==13.7.1
    # via keras
setuptools==73.0.1
    # via opentelemetry-instrumentation
    # via tensorboard
    # via tensorflow
six==1.16.0
    # via astunparse
    # via flatten-dict
    # via google-pasta
    # via lazy-import
    # via tensorboard
    # via tensorflow
sniffio==1.3.1
    # via anyio
starlette==0.38.2
    # via fastapi
tensorboard==2.17.1
    # via tensorflow
tensorboard-data-server==0.7.2
    # via tensorboard
tensorflow==2.17.0
    # via qoa4ml
tensorflow-io-gcs-filesystem==0.37.1 ; python_full_version < '3.12'
    # via tensorflow
termcolor==2.4.0
    # via tensorflow
tinyflux==1.0.0
    # via qoa4ml
typing-extensions==4.12.2
    # via anyio
    # via fastapi
    # via opentelemetry-sdk
    # via optree
    # via pydantic
    # via pydantic-core
    # via tensorflow
    # via uvicorn
urllib3==2.2.2
    # via docker
    # via requests
uvicorn==0.30.6
    # via qoa4ml
werkzeug==3.0.4
    # via tensorboard
wheel==0.44.0
    # via astunparse
wrapt==1.16.0
    # via deprecated
    # via opentelemetry-instrumentation
    # via tensorflow
zipp==3.20.0
    # via importlib-metadata
